PODS:
  - Sentry (8.48.0):
    - Sentry/Core (= 8.48.0)
  - Sentry/Core (8.48.0)
  - shared (1.0):
    - Sentry

DEPENDENCIES:
  - shared (from `../shared`)

SPEC REPOS:
  trunk:
    - Sentry

EXTERNAL SOURCES:
  shared:
    :path: "../shared"

SPEC CHECKSUMS:
  Sentry: 1ca8405451040482877dcd344dfa3ef80b646631
  shared: e8655a28a6812564db8dd104f7a3f41636c7b300

PODFILE CHECKSUM: ad1a22a8718167e866b23bda430516a71ca2fb13

COCOAPODS: 1.16.2
